
Microsoft Visual Studio Solution File, Format Version 12.00
# Visual Studio 2012
Project("{FAE04EC0-301F-11D3-BF4B-00C04F79EFBC}") = "Templates", "Templates\Templates.csproj", "{385322B5-7362-4BD5-ADDD-7E3987C49EDA}"
EndProject
Global
	GlobalSection(SolutionConfigurationPlatforms) = preSolution
		Debug|Any CPU = Debug|Any CPU
		Release|Any CPU = Release|Any CPU
	EndGlobalSection
	GlobalSection(ProjectConfigurationPlatforms) = postSolution
		{385322B5-7362-4BD5-ADDD-7E3987C49EDA}.Debug|Any CPU.ActiveCfg = Debug|Any CPU
		{385322B5-7362-4BD5-ADDD-7E3987C49EDA}.Debug|Any CPU.Build.0 = Debug|Any CPU
		{385322B5-7362-4BD5-ADDD-7E3987C49EDA}.Release|Any CPU.ActiveCfg = Release|Any CPU
		{385322B5-7362-4BD5-ADDD-7E3987C49EDA}.Release|Any CPU.Build.0 = Release|Any CPU
	EndGlobalSection
	GlobalSection(SolutionProperties) = preSolution
		HideSolutionNode = FALSE
	EndGlobalSection
EndGlobal
